{
    "version": 3,
    "terraform_version": "0.9.4",
    "serial": 2,
    "lineage": "93ad7b67-17fd-4a6e-be00-3d14431d89dd",
    "modules": [
        {
            "path": [
                "root"
            ],
            "outputs": {},
            "resources": {
                "aws_iam_role.iam_for_lambda": {
                    "type": "aws_iam_role",
                    "depends_on": [],
                    "primary": {
                        "id": "iam_for_lambda",
                        "attributes": {
                            "arn": "arn:aws:iam::261255871809:role/iam_for_lambda",
                            "assume_role_policy": "{\r\n  \"Version\": \"2012-10-17\",\r\n  \"Statement\": [\r\n    {\r\n      \"Action\": \"sts:AssumeRole\",\r\n      \"Principal\": {\r\n        \"Service\": \"lambda.amazonaws.com\"\r\n      },\r\n      \"Effect\": \"Allow\",\r\n      \"Sid\": \"\"\r\n    }\r\n  ]\r\n}\r\n",
                            "create_date": "2017-04-29T22:26:22Z",
                            "id": "iam_for_lambda",
                            "name": "iam_for_lambda",
                            "path": "/",
                            "unique_id": "AROAJ7HX2D5HUKUFHLQWM"
                        },
                        "meta": {},
                        "tainted": false
                    },
                    "deposed": [],
                    "provider": ""
                },
                "aws_lambda_function.first_lambda": {
                    "type": "aws_lambda_function",
                    "depends_on": [
                        "aws_iam_role.iam_for_lambda"
                    ],
                    "primary": {
                        "id": "first_lambda",
                        "attributes": {
                            "arn": "arn:aws:lambda:us-west-2:261255871809:function:first_lambda",
                            "dead_letter_config.#": "0",
                            "description": "",
                            "environment.#": "0",
                            "filename": "FirstLambda/FirstLambda-CurrentDeploy.zip",
                            "function_name": "first_lambda",
                            "handler": "FirstLambda::FirstLambda.FunctionHandler::Handle",
                            "id": "first_lambda",
                            "invoke_arn": "arn:aws:apigateway:us-west-2:lambda:path/2015-03-31/functions/arn:aws:lambda:us-west-2:261255871809:function:first_lambda/invocations",
                            "kms_key_arn": "",
                            "last_modified": "2017-04-29T22:26:36.785+0000",
                            "memory_size": "128",
                            "publish": "true",
                            "qualified_arn": "arn:aws:lambda:us-west-2:261255871809:function:first_lambda:1",
                            "role": "arn:aws:iam::261255871809:role/iam_for_lambda",
                            "runtime": "dotnetcore1.0",
                            "source_code_hash": "pngaEB07dFF6aEaZ/glSM98tLWJfSV2uK6mfQtDxDGo=",
                            "tags.%": "0",
                            "timeout": "3",
                            "version": "1",
                            "vpc_config.#": "0"
                        },
                        "meta": {},
                        "tainted": false
                    },
                    "deposed": [],
                    "provider": ""
                }
            },
            "depends_on": []
        }
    ]
}
