
Microsoft Visual Studio Solution File, Format Version 12.00
# Visual Studio 15
VisualStudioVersion = 15.0.26228.4
MinimumVisualStudioVersion = 10.0.40219.1
Project("{9A19103F-16F7-4668-BE54-9A1E7A4F7556}") = "FirstLambda", "FirstLambda\FirstLambda.csproj", "{A6787947-F96A-45A5-9324-156B81D00F7C}"
EndProject
Project("{9A19103F-16F7-4668-BE54-9A1E7A4F7556}") = "FirstLambda.Tests", "FirstLambda.Tests\FirstLambda.Tests.csproj", "{96181909-F597-4FAA-8810-25549B785178}"
EndProject
Project("{2150E333-8FDC-42A3-9474-1A3956D46DE8}") = "Solution Items", "Solution Items", "{9198A868-21EE-4638-BA05-8A546CA17328}"
	ProjectSection(SolutionItems) = preProject
		commands.json = commands.json
	EndProjectSection
EndProject
Global
	GlobalSection(SolutionConfigurationPlatforms) = preSolution
		Debug|Any CPU = Debug|Any CPU
		Release|Any CPU = Release|Any CPU
	EndGlobalSection
	GlobalSection(ProjectConfigurationPlatforms) = postSolution
		{A6787947-F96A-45A5-9324-156B81D00F7C}.Debug|Any CPU.ActiveCfg = Debug|Any CPU
		{A6787947-F96A-45A5-9324-156B81D00F7C}.Debug|Any CPU.Build.0 = Debug|Any CPU
		{A6787947-F96A-45A5-9324-156B81D00F7C}.Release|Any CPU.ActiveCfg = Release|Any CPU
		{A6787947-F96A-45A5-9324-156B81D00F7C}.Release|Any CPU.Build.0 = Release|Any CPU
		{96181909-F597-4FAA-8810-25549B785178}.Debug|Any CPU.ActiveCfg = Debug|Any CPU
		{96181909-F597-4FAA-8810-25549B785178}.Debug|Any CPU.Build.0 = Debug|Any CPU
		{96181909-F597-4FAA-8810-25549B785178}.Release|Any CPU.ActiveCfg = Release|Any CPU
		{96181909-F597-4FAA-8810-25549B785178}.Release|Any CPU.Build.0 = Release|Any CPU
	EndGlobalSection
	GlobalSection(SolutionProperties) = preSolution
		HideSolutionNode = FALSE
	EndGlobalSection
EndGlobal
